
Microsoft Visual Studio Solution File, Format Version 12.00
# Visual Studio Version 17
VisualStudioVersion = 17.6.33815.320
MinimumVisualStudioVersion = 10.0.40219.1
Project("{FAE04EC0-301F-11D3-BF4B-00C04F79EFBC}") = "LessonGit", "LessonGit.csproj", "{4CEB0CF1-2DA0-497E-A4EE-1BEB11BAB426}"
EndProject
Global
	GlobalSection(SolutionConfigurationPlatforms) = preSolution
		Debug|Any CPU = Debug|Any CPU
		Release|Any CPU = Release|Any CPU
	EndGlobalSection
	GlobalSection(ProjectConfigurationPlatforms) = postSolution
		{4CEB0CF1-2DA0-497E-A4EE-1BEB11BAB426}.Debug|Any CPU.ActiveCfg = Debug|Any CPU
		{4CEB0CF1-2DA0-497E-A4EE-1BEB11BAB426}.Debug|Any CPU.Build.0 = Debug|Any CPU
		{4CEB0CF1-2DA0-497E-A4EE-1BEB11BAB426}.Release|Any CPU.ActiveCfg = Release|Any CPU
		{4CEB0CF1-2DA0-497E-A4EE-1BEB11BAB426}.Release|Any CPU.Build.0 = Release|Any CPU
	EndGlobalSection
	GlobalSection(SolutionProperties) = preSolution
		HideSolutionNode = FALSE
	EndGlobalSection
	GlobalSection(ExtensibilityGlobals) = postSolution
		SolutionGuid = {0FA27E70-D495-4320-BE06-CF10276F2D4C}
	EndGlobalSection
EndGlobal
